github.com/go-redis/redis v6.15.6+incompatible h1:H9evprGPLI8+ci7fxQx6WNZHJSb7be8FqJQRhdQZ5Sg=
github.com/go-redis/redis v6.15.6+incompatible/go.mod h1:NAIEuMOZ/fxfXJIrKDQDz8wamY7mA7PouImQ2Jvg6kA=
github.com/samuel/go-zookeeper v0.0.0-20190923202752-2cc03de413da h1:p3Vo3i64TCLY7gIfzeQaUJ+kppEO5WQG3cL8iE8tGHU=
github.com/samuel/go-zookeeper v0.0.0-20190923202752-2cc03de413da/go.mod h1:gi+0XIa01GRL2eRQVjQkKGqKF3SF9vZR/HnPullcV2E=
